
Microsoft Visual Studio Solution File, Format Version 12.00
# Visual Studio Version 17
VisualStudioVersion = 17.5.001.0
MinimumVisualStudioVersion = 10.0.40219.1
Project("{9A19103F-16F7-4668-BE54-9A1E7A4F7556}") = "Array", "Array.csproj", "{B8B4F36B-32FC-4F5A-B0F2-32EA36F39816}"
EndProject
Global
	GlobalSection(SolutionConfigurationPlatforms) = preSolution
		Debug|Any CPU = Debug|Any CPU
		Release|Any CPU = Release|Any CPU
	EndGlobalSection
	GlobalSection(ProjectConfigurationPlatforms) = postSolution
		{B8B4F36B-32FC-4F5A-B0F2-32EA36F39816}.Debug|Any CPU.ActiveCfg = Debug|Any CPU
		{B8B4F36B-32FC-4F5A-B0F2-32EA36F39816}.Debug|Any CPU.Build.0 = Debug|Any CPU
		{B8B4F36B-32FC-4F5A-B0F2-32EA36F39816}.Release|Any CPU.ActiveCfg = Release|Any CPU
		{B8B4F36B-32FC-4F5A-B0F2-32EA36F39816}.Release|Any CPU.Build.0 = Release|Any CPU
	EndGlobalSection
	GlobalSection(SolutionProperties) = preSolution
		HideSolutionNode = FALSE
	EndGlobalSection
	GlobalSection(ExtensibilityGlobals) = postSolution
		SolutionGuid = {D3747A22-CA4B-431A-8A0F-AA72800E2C4C}
	EndGlobalSection
EndGlobal
